<?xml version="1.0" encoding="utf-8"?>
<Project ToolsVersion="4.0" xmlns="http://schemas.microsoft.com/developer/msbuild/2003">
  <ItemGroup>
    <Filter Include="Quelldateien">
      <UniqueIdentifier>{4FC737F1-C7A5-4376-A066-2A32D752A2FF}</UniqueIdentifier>
      <Extensions>cpp;c;cc;cxx;c++;cppm;ixx;def;odl;idl;hpj;bat;asm;asmx</Extensions>
    </Filter>
    <Filter Include="Headerdateien">
      <UniqueIdentifier>{93995380-89BD-4b04-88EB-625FBE52EBFB}</UniqueIdentifier>
      <Extensions>h;hh;hpp;hxx;h++;hm;inl;inc;ipp;xsd</Extensions>
    </Filter>
    <Filter Include="Ressourcendateien">
      <UniqueIdentifier>{67DA6AB6-F800-4c08-8B7A-83BB121AAD01}</UniqueIdentifier>
      <Extensions>rc;ico;cur;bmp;dlg;rc2;rct;bin;rgs;gif;jpg;jpeg;jpe;resx;tiff;tif;png;wav;mfcribbon-ms</Extensions>
    </Filter>
  </ItemGroup>
  <ItemGroup>
    <ClCompile Include="ArduPLC.cpp">
      <Filter>Quelldateien</Filter>
    </ClCompile>
    <ClCompile Include="Plattform.cpp">
      <Filter>Quelldateien</Filter>
    </ClCompile>
    <ClCompile Include="PlcPrint.cpp">
      <Filter>Quelldateien</Filter>
    </ClCompile>
    <ClCompile Include="PlcPrintStream.cpp">
      <Filter>Quelldateien</Filter>
    </ClCompile>
    <ClCompile Include="PlcStream.cpp">
      <Filter>Quelldateien</Filter>
    </ClCompile>
    <ClCompile Include="PlcMemoryStream.cpp">
      <Filter>Quelldateien</Filter>
    </ClCompile>
    <ClCompile Include="PlcStreamExtend.cpp">
      <Filter>Quelldateien</Filter>
    </ClCompile>
    <ClCompile Include="PlcStreamHelper.cpp">
      <Filter>Quelldateien</Filter>
    </ClCompile>
    <ClCompile Include="PlcLogger.cpp">
      <Filter>Quelldateien</Filter>
    </ClCompile>
    <ClCompile Include="PlcNonBlockingParser.cpp">
      <Filter>Quelldateien</Filter>
    </ClCompile>
    <ClCompile Include="PlcNonBlockingStringParser.cpp">
      <Filter>Quelldateien</Filter>
    </ClCompile>
    <ClCompile Include="PlcProcess.cpp">
      <Filter>Quelldateien</Filter>
    </ClCompile>
    <ClCompile Include="PlcTCPServer.cpp">
      <Filter>Quelldateien</Filter>
    </ClCompile>
    <ClCompile Include="PlcTCPStream.cpp">
      <Filter>Quelldateien</Filter>
    </ClCompile>
    <ClCompile Include="ArduPLC.ino">
      <Filter>Quelldateien</Filter>
    </ClCompile>
  </ItemGroup>
  <ItemGroup>
    <ClInclude Include="PlcAdapter.h">
      <Filter>Headerdateien</Filter>
    </ClInclude>
    <ClInclude Include="PlcPlatform.h">
      <Filter>Headerdateien</Filter>
    </ClInclude>
    <ClInclude Include="PlcIncludeAll.h">
      <Filter>Headerdateien</Filter>
    </ClInclude>
    <ClInclude Include="PlcPrint.h">
      <Filter>Headerdateien</Filter>
    </ClInclude>
    <ClInclude Include="PlcPrintStream.h">
      <Filter>Headerdateien</Filter>
    </ClInclude>
    <ClInclude Include="PlcStream.h">
      <Filter>Headerdateien</Filter>
    </ClInclude>
    <ClInclude Include="PlcPrintable.h">
      <Filter>Headerdateien</Filter>
    </ClInclude>
    <ClInclude Include="PlcMemoryStream.h">
      <Filter>Headerdateien</Filter>
    </ClInclude>
    <ClInclude Include="PlcStreamExtend.h">
      <Filter>Headerdateien</Filter>
    </ClInclude>
    <ClInclude Include="PlcStreamHelper.h">
      <Filter>Headerdateien</Filter>
    </ClInclude>
    <ClInclude Include="PlcLogger.h">
      <Filter>Headerdateien</Filter>
    </ClInclude>
    <ClInclude Include="PlcStdIO.h">
      <Filter>Headerdateien</Filter>
    </ClInclude>
    <ClInclude Include="PlcNonBlockingParser.h">
      <Filter>Headerdateien</Filter>
    </ClInclude>
    <ClInclude Include="PlcNonBlockingStringParser.h">
      <Filter>Headerdateien</Filter>
    </ClInclude>
    <ClInclude Include="PlcProcess.h">
      <Filter>Headerdateien</Filter>
    </ClInclude>
    <ClInclude Include="PlcIO.h">
      <Filter>Headerdateien</Filter>
    </ClInclude>
    <ClInclude Include="PlcTCPServer.h">
      <Filter>Headerdateien</Filter>
    </ClInclude>
    <ClInclude Include="PlcTCPStream.h">
      <Filter>Headerdateien</Filter>
    </ClInclude>
    <ClInclude Include="PlcSample.h">
      <Filter>Headerdateien</Filter>
    </ClInclude>
    <ClInclude Include="PlcBasis.h">
      <Filter>Headerdateien</Filter>
    </ClInclude>
  </ItemGroup>
</Project>